
Microsoft Visual Studio Solution File, Format Version 12.00
# Visual Studio Version 16
VisualStudioVersion = 16.0.30517.126
MinimumVisualStudioVersion = 10.0.40219.1
Project("{FAE04EC0-301F-11D3-BF4B-00C04F79EFBC}") = "IconMaker", "IconMaker\IconMaker.csproj", "{6054E635-61EE-4ECE-9F1A-29B71660BB36}"
EndProject
Project("{FAE04EC0-301F-11D3-BF4B-00C04F79EFBC}") = "EGO.EXICAS", "EGO.EXICAS\EGO.EXICAS.csproj", "{68971A9E-B265-4CB4-8458-357696E88988}"
EndProject
Global
	GlobalSection(SolutionConfigurationPlatforms) = preSolution
		Debug|Any CPU = Debug|Any CPU
		Release|Any CPU = Release|Any CPU
	EndGlobalSection
	GlobalSection(ProjectConfigurationPlatforms) = postSolution
		{6054E635-61EE-4ECE-9F1A-29B71660BB36}.Debug|Any CPU.ActiveCfg = Debug|Any CPU
		{6054E635-61EE-4ECE-9F1A-29B71660BB36}.Debug|Any CPU.Build.0 = Debug|Any CPU
		{6054E635-61EE-4ECE-9F1A-29B71660BB36}.Release|Any CPU.ActiveCfg = Release|Any CPU
		{6054E635-61EE-4ECE-9F1A-29B71660BB36}.Release|Any CPU.Build.0 = Release|Any CPU
		{68971A9E-B265-4CB4-8458-357696E88988}.Debug|Any CPU.ActiveCfg = Debug|Any CPU
		{68971A9E-B265-4CB4-8458-357696E88988}.Debug|Any CPU.Build.0 = Debug|Any CPU
		{68971A9E-B265-4CB4-8458-357696E88988}.Release|Any CPU.ActiveCfg = Release|Any CPU
		{68971A9E-B265-4CB4-8458-357696E88988}.Release|Any CPU.Build.0 = Release|Any CPU
	EndGlobalSection
	GlobalSection(SolutionProperties) = preSolution
		HideSolutionNode = FALSE
	EndGlobalSection
	GlobalSection(ExtensibilityGlobals) = postSolution
		SolutionGuid = {91E1E59D-6D4D-4214-A751-488FD8E1BF60}
	EndGlobalSection
EndGlobal
